
Microsoft Visual Studio Solution File, Format Version 12.00
# Visual Studio Version 16
VisualStudioVersion = 16.0.30804.86
MinimumVisualStudioVersion = 10.0.40219.1
Project("{FAE04EC0-301F-11D3-BF4B-00C04F79EFBC}") = "cliente-ti", "cliente-ti\cliente-ti.csproj", "{BB2175A0-8963-4366-8EAD-502D0F7CE7B1}"
EndProject
Global
	GlobalSection(SolutionConfigurationPlatforms) = preSolution
		Debug|Any CPU = Debug|Any CPU
		Release|Any CPU = Release|Any CPU
	EndGlobalSection
	GlobalSection(ProjectConfigurationPlatforms) = postSolution
		{BB2175A0-8963-4366-8EAD-502D0F7CE7B1}.Debug|Any CPU.ActiveCfg = Debug|Any CPU
		{BB2175A0-8963-4366-8EAD-502D0F7CE7B1}.Debug|Any CPU.Build.0 = Debug|Any CPU
		{BB2175A0-8963-4366-8EAD-502D0F7CE7B1}.Release|Any CPU.ActiveCfg = Release|Any CPU
		{BB2175A0-8963-4366-8EAD-502D0F7CE7B1}.Release|Any CPU.Build.0 = Release|Any CPU
	EndGlobalSection
	GlobalSection(SolutionProperties) = preSolution
		HideSolutionNode = FALSE
	EndGlobalSection
	GlobalSection(ExtensibilityGlobals) = postSolution
		SolutionGuid = {3A65DF8B-12C9-43CC-92C2-524777BBE28D}
	EndGlobalSection
EndGlobal
